
Microsoft Visual Studio Solution File, Format Version 12.00
# Visual Studio Version 17
VisualStudioVersion = 17.3.32804.467
MinimumVisualStudioVersion = 10.0.40219.1
Project("{9A19103F-16F7-4668-BE54-9A1E7A4F7556}") = "Calculator", "src\Calculator\Calculator.csproj", "{FC9EAC49-DE74-4C29-B4B8-A11B2B211B68}"
EndProject
Project("{9A19103F-16F7-4668-BE54-9A1E7A4F7556}") = "CalculatorTests", "tests\Calculator.Tests\CalculatorTests.csproj", "{CBB47D8E-D0FA-474D-83A4-CCA0C7C5DE3C}"
EndProject
Global
	GlobalSection(SolutionConfigurationPlatforms) = preSolution
		Debug|Any CPU = Debug|Any CPU
		Release|Any CPU = Release|Any CPU
	EndGlobalSection
	GlobalSection(ProjectConfigurationPlatforms) = postSolution
		{FC9EAC49-DE74-4C29-B4B8-A11B2B211B68}.Debug|Any CPU.ActiveCfg = Debug|Any CPU
		{FC9EAC49-DE74-4C29-B4B8-A11B2B211B68}.Debug|Any CPU.Build.0 = Debug|Any CPU
		{FC9EAC49-DE74-4C29-B4B8-A11B2B211B68}.Release|Any CPU.ActiveCfg = Release|Any CPU
		{FC9EAC49-DE74-4C29-B4B8-A11B2B211B68}.Release|Any CPU.Build.0 = Release|Any CPU
		{CBB47D8E-D0FA-474D-83A4-CCA0C7C5DE3C}.Debug|Any CPU.ActiveCfg = Debug|Any CPU
		{CBB47D8E-D0FA-474D-83A4-CCA0C7C5DE3C}.Debug|Any CPU.Build.0 = Debug|Any CPU
		{CBB47D8E-D0FA-474D-83A4-CCA0C7C5DE3C}.Release|Any CPU.ActiveCfg = Release|Any CPU
		{CBB47D8E-D0FA-474D-83A4-CCA0C7C5DE3C}.Release|Any CPU.Build.0 = Release|Any CPU
	EndGlobalSection
	GlobalSection(SolutionProperties) = preSolution
		HideSolutionNode = FALSE
	EndGlobalSection
	GlobalSection(ExtensibilityGlobals) = postSolution
		SolutionGuid = {64F34D7A-975C-4466-8A9C-7BA2DD24974E}
	EndGlobalSection
EndGlobal
